// !$*UTF8*$!
{
	archiveVersion = 1;
	classes = {
	};
	objectVersion = 50;
	objects = {

/* Begin PBXBuildFile section */
		5C0F0F8A20BB7A5800544B28 /* Remote.swift in Sources */ = {isa = PBXBuildFile; fileRef = 5C0F0F8920BB7A5800544B28 /* Remote.swift */; };
		5C0F0F8C20BB886200544B28 /* ChannelTableCell.swift in Sources */ = {isa = PBXBuildFile; fileRef = 5C0F0F8B20BB886200544B28 /* ChannelTableCell.swift */; };
		5C39991920BA2C5400B03CCE /* Channel.swift in Sources */ = {isa = PBXBuildFile; fileRef = 5C39991820BA2C5400B03CCE /* Channel.swift */; };
		5C39991B20BA2F4200B03CCE /* ChannelsViewController.swift in Sources */ = {isa = PBXBuildFile; fileRef = 5C39991A20BA2F4200B03CCE /* ChannelsViewController.swift */; };
		5C39991D20BA427200B03CCE /* CUButton.swift in Sources */ = {isa = PBXBuildFile; fileRef = 5C39991C20BA427200B03CCE /* CUButton.swift */; };
		5C39991F20BA42BE00B03CCE /* TVViewController.swift in Sources */ = {isa = PBXBuildFile; fileRef = 5C39991E20BA42BE00B03CCE /* TVViewController.swift */; };
		5C39992120BA42C100B03CCE /* SettingsViewController.swift in Sources */ = {isa = PBXBuildFile; fileRef = 5C39992020BA42C100B03CCE /* SettingsViewController.swift */; };
		5C39992320BA433A00B03CCE /* CUImageView.swift in Sources */ = {isa = PBXBuildFile; fileRef = 5C39992220BA433A00B03CCE /* CUImageView.swift */; };
		5C46BB3920F0E0F700C927B9 /* CULabel.swift in Sources */ = {isa = PBXBuildFile; fileRef = 5C46BB3820F0E0F700C927B9 /* CULabel.swift */; };
		5C46BB3B20F0EFD700C927B9 /* UXView.swift in Sources */ = {isa = PBXBuildFile; fileRef = 5C46BB3A20F0EFD700C927B9 /* UXView.swift */; };
		5C46BB3D20F1393A00C927B9 /* UXButton.swift in Sources */ = {isa = PBXBuildFile; fileRef = 5C46BB3C20F1393A00C927B9 /* UXButton.swift */; };
		5C61012520F1676200609EE1 /* TouchableView.swift in Sources */ = {isa = PBXBuildFile; fileRef = 5C61012420F1676200609EE1 /* TouchableView.swift */; };
		5C61012720F167BC00609EE1 /* TouchSpotView.swift in Sources */ = {isa = PBXBuildFile; fileRef = 5C61012620F167BC00609EE1 /* TouchSpotView.swift */; };
		5C7E40F920B3445F006DF2E4 /* AppDelegate.swift in Sources */ = {isa = PBXBuildFile; fileRef = 5C7E40F820B3445F006DF2E4 /* AppDelegate.swift */; };
		5C7E40FB20B3445F006DF2E4 /* RemoteViewController.swift in Sources */ = {isa = PBXBuildFile; fileRef = 5C7E40FA20B3445F006DF2E4 /* RemoteViewController.swift */; };
		5C7E40FE20B3445F006DF2E4 /* Main.storyboard in Resources */ = {isa = PBXBuildFile; fileRef = 5C7E40FC20B3445F006DF2E4 /* Main.storyboard */; };
		5C7E410020B34460006DF2E4 /* Assets.xcassets in Resources */ = {isa = PBXBuildFile; fileRef = 5C7E40FF20B34460006DF2E4 /* Assets.xcassets */; };
		5C7E410320B34460006DF2E4 /* LaunchScreen.storyboard in Resources */ = {isa = PBXBuildFile; fileRef = 5C7E410120B34460006DF2E4 /* LaunchScreen.storyboard */; };
		5C8E937420F16B5C006365E6 /* UIDevice+Extension.swift in Sources */ = {isa = PBXBuildFile; fileRef = 5C8E937320F16B5C006365E6 /* UIDevice+Extension.swift */; };
		5CBE61B220B3646B0057ED02 /* Functions.swift in Sources */ = {isa = PBXBuildFile; fileRef = 5CBE61B120B3646B0057ED02 /* Functions.swift */; };
		9EE219D78B6CE7CD35FDC8E0 /* Pods_TV_Remote.framework in Frameworks */ = {isa = PBXBuildFile; fileRef = C9EDF8A7974CB91944807E1A /* Pods_TV_Remote.framework */; };
/* End PBXBuildFile section */

/* Begin PBXFileReference section */
		099E6CD31BED8054955289B2 /* Pods-TV Remote.release.xcconfig */ = {isa = PBXFileReference; includeInIndex = 1; lastKnownFileType = text.xcconfig; name = "Pods-TV Remote.release.xcconfig"; path = "Target Support Files/Pods-TV Remote/Pods-TV Remote.release.xcconfig"; sourceTree = "<group>"; };
		505B73A7051121088F34184F /* Pods-TV Remote.debug.xcconfig */ = {isa = PBXFileReference; includeInIndex = 1; lastKnownFileType = text.xcconfig; name = "Pods-TV Remote.debug.xcconfig"; path = "Target Support Files/Pods-TV Remote/Pods-TV Remote.debug.xcconfig"; sourceTree = "<group>"; };
		5C0F0F8920BB7A5800544B28 /* Remote.swift */ = {isa = PBXFileReference; lastKnownFileType = sourcecode.swift; path = Remote.swift; sourceTree = "<group>"; };
		5C0F0F8B20BB886200544B28 /* ChannelTableCell.swift */ = {isa = PBXFileReference; lastKnownFileType = sourcecode.swift; path = ChannelTableCell.swift; sourceTree = "<group>"; };
		5C39991820BA2C5400B03CCE /* Channel.swift */ = {isa = PBXFileReference; lastKnownFileType = sourcecode.swift; path = Channel.swift; sourceTree = "<group>"; };
		5C39991A20BA2F4200B03CCE /* ChannelsViewController.swift */ = {isa = PBXFileReference; lastKnownFileType = sourcecode.swift; path = ChannelsViewController.swift; sourceTree = "<group>"; };
		5C39991C20BA427200B03CCE /* CUButton.swift */ = {isa = PBXFileReference; lastKnownFileType = sourcecode.swift; path = CUButton.swift; sourceTree = "<group>"; };
		5C39991E20BA42BE00B03CCE /* TVViewController.swift */ = {isa = PBXFileReference; lastKnownFileType = sourcecode.swift; path = TVViewController.swift; sourceTree = "<group>"; };
		5C39992020BA42C100B03CCE /* SettingsViewController.swift */ = {isa = PBXFileReference; lastKnownFileType = sourcecode.swift; path = SettingsViewController.swift; sourceTree = "<group>"; };
		5C39992220BA433A00B03CCE /* CUImageView.swift */ = {isa = PBXFileReference; lastKnownFileType = sourcecode.swift; path = CUImageView.swift; sourceTree = "<group>"; };
		5C46BB3820F0E0F700C927B9 /* CULabel.swift */ = {isa = PBXFileReference; lastKnownFileType = sourcecode.swift; path = CULabel.swift; sourceTree = "<group>"; };
		5C46BB3A20F0EFD700C927B9 /* UXView.swift */ = {isa = PBXFileReference; lastKnownFileType = sourcecode.swift; path = UXView.swift; sourceTree = "<group>"; };
		5C46BB3C20F1393A00C927B9 /* UXButton.swift */ = {isa = PBXFileReference; lastKnownFileType = sourcecode.swift; path = UXButton.swift; sourceTree = "<group>"; };
		5C48D7DD20EFF9320032F2D5 /* TV Remote.entitlements */ = {isa = PBXFileReference; lastKnownFileType = text.plist.entitlements; path = "TV Remote.entitlements"; sourceTree = "<group>"; };
		5C61012420F1676200609EE1 /* TouchableView.swift */ = {isa = PBXFileReference; lastKnownFileType = sourcecode.swift; path = TouchableView.swift; sourceTree = "<group>"; };
		5C61012620F167BC00609EE1 /* TouchSpotView.swift */ = {isa = PBXFileReference; lastKnownFileType = sourcecode.swift; path = TouchSpotView.swift; sourceTree = "<group>"; };
		5C7E40F520B3445F006DF2E4 /* TV Remote.app */ = {isa = PBXFileReference; explicitFileType = wrapper.application; includeInIndex = 0; path = "TV Remote.app"; sourceTree = BUILT_PRODUCTS_DIR; };
		5C7E40F820B3445F006DF2E4 /* AppDelegate.swift */ = {isa = PBXFileReference; lastKnownFileType = sourcecode.swift; path = AppDelegate.swift; sourceTree = "<group>"; };
		5C7E40FA20B3445F006DF2E4 /* RemoteViewController.swift */ = {isa = PBXFileReference; lastKnownFileType = sourcecode.swift; path = RemoteViewController.swift; sourceTree = "<group>"; };
		5C7E40FD20B3445F006DF2E4 /* Base */ = {isa = PBXFileReference; lastKnownFileType = file.storyboard; name = Base; path = Base.lproj/Main.storyboard; sourceTree = "<group>"; };
		5C7E40FF20B34460006DF2E4 /* Assets.xcassets */ = {isa = PBXFileReference; lastKnownFileType = folder.assetcatalog; path = Assets.xcassets; sourceTree = "<group>"; };
		5C7E410220B34460006DF2E4 /* Base */ = {isa = PBXFileReference; lastKnownFileType = file.storyboard; name = Base; path = Base.lproj/LaunchScreen.storyboard; sourceTree = "<group>"; };
		5C7E410420B34460006DF2E4 /* Info.plist */ = {isa = PBXFileReference; lastKnownFileType = text.plist.xml; path = Info.plist; sourceTree = "<group>"; };
		5C8E937320F16B5C006365E6 /* UIDevice+Extension.swift */ = {isa = PBXFileReference; lastKnownFileType = sourcecode.swift; path = "UIDevice+Extension.swift"; sourceTree = "<group>"; };
		5CBE61B120B3646B0057ED02 /* Functions.swift */ = {isa = PBXFileReference; lastKnownFileType = sourcecode.swift; path = Functions.swift; sourceTree = "<group>"; };
		C9EDF8A7974CB91944807E1A /* Pods_TV_Remote.framework */ = {isa = PBXFileReference; explicitFileType = wrapper.framework; includeInIndex = 0; path = Pods_TV_Remote.framework; sourceTree = BUILT_PRODUCTS_DIR; };
/* End PBXFileReference section */

/* Begin PBXFrameworksBuildPhase section */
		5C7E40F220B3445F006DF2E4 /* Frameworks */ = {
			isa = PBXFrameworksBuildPhase;
			buildActionMask = 2147483647;
			files = (
				9EE219D78B6CE7CD35FDC8E0 /* Pods_TV_Remote.framework in Frameworks */,
			);
			runOnlyForDeploymentPostprocessing = 0;
		};
/* End PBXFrameworksBuildPhase section */

/* Begin PBXGroup section */
		5C50A25E9A833717843B383D /* Pods */ = {
			isa = PBXGroup;
			children = (
				505B73A7051121088F34184F /* Pods-TV Remote.debug.xcconfig */,
				099E6CD31BED8054955289B2 /* Pods-TV Remote.release.xcconfig */,
			);
			name = Pods;
			path = Pods;
			sourceTree = "<group>";
		};
		5C7E40EC20B3445F006DF2E4 = {
			isa = PBXGroup;
			children = (
				5C7E40F720B3445F006DF2E4 /* TV Remote */,
				5C7E40F620B3445F006DF2E4 /* Products */,
				5C50A25E9A833717843B383D /* Pods */,
				CEFE4CA0DC704046B5543066 /* Frameworks */,
			);
			sourceTree = "<group>";
		};
		5C7E40F620B3445F006DF2E4 /* Products */ = {
			isa = PBXGroup;
			children = (
				5C7E40F520B3445F006DF2E4 /* TV Remote.app */,
			);
			name = Products;
			sourceTree = "<group>";
		};
		5C7E40F720B3445F006DF2E4 /* TV Remote */ = {
			isa = PBXGroup;
			children = (
				5C48D7DD20EFF9320032F2D5 /* TV Remote.entitlements */,
				5CBE61B020B364490057ED02 /* Library */,
				5CBE61AF20B3642E0057ED02 /* Model */,
				5CBE61AE20B364220057ED02 /* View */,
				5CBE61AD20B364150057ED02 /* Controller */,
				5C7E40F820B3445F006DF2E4 /* AppDelegate.swift */,
				5C7E410420B34460006DF2E4 /* Info.plist */,
			);
			path = "TV Remote";
			sourceTree = "<group>";
		};
		5CBE61AD20B364150057ED02 /* Controller */ = {
			isa = PBXGroup;
			children = (
				5C7E40FA20B3445F006DF2E4 /* RemoteViewController.swift */,
				5C39991A20BA2F4200B03CCE /* ChannelsViewController.swift */,
				5C39991E20BA42BE00B03CCE /* TVViewController.swift */,
				5C39992020BA42C100B03CCE /* SettingsViewController.swift */,
			);
			path = Controller;
			sourceTree = "<group>";
		};
		5CBE61AE20B364220057ED02 /* View */ = {
			isa = PBXGroup;
			children = (
				5C7E40FC20B3445F006DF2E4 /* Main.storyboard */,
				5C7E410120B34460006DF2E4 /* LaunchScreen.storyboard */,
			);
			path = View;
			sourceTree = "<group>";
		};
		5CBE61AF20B3642E0057ED02 /* Model */ = {
			isa = PBXGroup;
			children = (
				5CBE61B120B3646B0057ED02 /* Functions.swift */,
				5C39992220BA433A00B03CCE /* CUImageView.swift */,
				5C46BB3820F0E0F700C927B9 /* CULabel.swift */,
				5C39991C20BA427200B03CCE /* CUButton.swift */,
				5C0F0F8920BB7A5800544B28 /* Remote.swift */,
				5C39991820BA2C5400B03CCE /* Channel.swift */,
				5C0F0F8B20BB886200544B28 /* ChannelTableCell.swift */,
				5C46BB3A20F0EFD700C927B9 /* UXView.swift */,
				5C46BB3C20F1393A00C927B9 /* UXButton.swift */,
				5C61012420F1676200609EE1 /* TouchableView.swift */,
				5C61012620F167BC00609EE1 /* TouchSpotView.swift */,
				5C8E937320F16B5C006365E6 /* UIDevice+Extension.swift */,
			);
			path = Model;
			sourceTree = "<group>";
		};
		5CBE61B020B364490057ED02 /* Library */ = {
			isa = PBXGroup;
			children = (
				5C7E40FF20B34460006DF2E4 /* Assets.xcassets */,
			);
			path = Library;
			sourceTree = "<group>";
		};
		CEFE4CA0DC704046B5543066 /* Frameworks */ = {
			isa = PBXGroup;
			children = (
				C9EDF8A7974CB91944807E1A /* Pods_TV_Remote.framework */,
			);
			name = Frameworks;
			sourceTree = "<group>";
		};
/* End PBXGroup section */

/* Begin PBXNativeTarget section */
		5C7E40F420B3445F006DF2E4 /* TV Remote */ = {
			isa = PBXNativeTarget;
			buildConfigurationList = 5C7E410720B34460006DF2E4 /* Build configuration list for PBXNativeTarget "TV Remote" */;
			buildPhases = (
				523E6B5E4F606C1276A58EC0 /* [CP] Check Pods Manifest.lock */,
				5C7E40F120B3445F006DF2E4 /* Sources */,
				5C7E40F220B3445F006DF2E4 /* Frameworks */,
				5C7E40F320B3445F006DF2E4 /* Resources */,
				0DAFF82E32D08FD3262D3491 /* [CP] Embed Pods Frameworks */,
			);
			buildRules = (
			);
			dependencies = (
			);
			name = "TV Remote";
			productName = "TV Remote";
			productReference = 5C7E40F520B3445F006DF2E4 /* TV Remote.app */;
			productType = "com.apple.product-type.application";
		};
/* End PBXNativeTarget section */

/* Begin PBXProject section */
		5C7E40ED20B3445F006DF2E4 /* Project object */ = {
			isa = PBXProject;
			attributes = {
				LastSwiftUpdateCheck = 0930;
				LastUpgradeCheck = 0930;
				ORGANIZATIONNAME = "Digital Mood";
				TargetAttributes = {
					5C7E40F420B3445F006DF2E4 = {
						CreatedOnToolsVersion = 9.3.1;
						SystemCapabilities = {
							com.apple.ApplicationGroups.iOS = {
								enabled = 1;
							};
						};
					};
				};
			};
			buildConfigurationList = 5C7E40F020B3445F006DF2E4 /* Build configuration list for PBXProject "TV Remote" */;
			compatibilityVersion = "Xcode 9.3";
			developmentRegion = en;
			hasScannedForEncodings = 0;
			knownRegions = (
				en,
				Base,
			);
			mainGroup = 5C7E40EC20B3445F006DF2E4;
			productRefGroup = 5C7E40F620B3445F006DF2E4 /* Products */;
			projectDirPath = "";
			projectRoot = "";
			targets = (
				5C7E40F420B3445F006DF2E4 /* TV Remote */,
			);
		};
/* End PBXProject section */

/* Begin PBXResourcesBuildPhase section */
		5C7E40F320B3445F006DF2E4 /* Resources */ = {
			isa = PBXResourcesBuildPhase;
			buildActionMask = 2147483647;
			files = (
				5C7E410320B34460006DF2E4 /* LaunchScreen.storyboard in Resources */,
				5C7E410020B34460006DF2E4 /* Assets.xcassets in Resources */,
				5C7E40FE20B3445F006DF2E4 /* Main.storyboard in Resources */,
			);
			runOnlyForDeploymentPostprocessing = 0;
		};
/* End PBXResourcesBuildPhase section */

/* Begin PBXShellScriptBuildPhase section */
		0DAFF82E32D08FD3262D3491 /* [CP] Embed Pods Frameworks */ = {
			isa = PBXShellScriptBuildPhase;
			buildActionMask = 2147483647;
			files = (
			);
			inputFileListPaths = (
				"${PODS_ROOT}/Target Support Files/Pods-TV Remote/Pods-TV Remote-frameworks-${CONFIGURATION}-input-files.xcfilelist",
			);
			name = "[CP] Embed Pods Frameworks";
			outputFileListPaths = (
				"${PODS_ROOT}/Target Support Files/Pods-TV Remote/Pods-TV Remote-frameworks-${CONFIGURATION}-output-files.xcfilelist",
			);
			runOnlyForDeploymentPostprocessing = 0;
			shellPath = /bin/sh;
			shellScript = "\"${PODS_ROOT}/Target Support Files/Pods-TV Remote/Pods-TV Remote-frameworks.sh\"\n";
			showEnvVarsInLog = 0;
		};
		523E6B5E4F606C1276A58EC0 /* [CP] Check Pods Manifest.lock */ = {
			isa = PBXShellScriptBuildPhase;
			buildActionMask = 2147483647;
			files = (
			);
			inputFileListPaths = (
			);
			inputPaths = (
				"${PODS_PODFILE_DIR_PATH}/Podfile.lock",
				"${PODS_ROOT}/Manifest.lock",
			);
			name = "[CP] Check Pods Manifest.lock";
			outputFileListPaths = (
			);
			outputPaths = (
				"$(DERIVED_FILE_DIR)/Pods-TV Remote-checkManifestLockResult.txt",
			);
			runOnlyForDeploymentPostprocessing = 0;
			shellPath = /bin/sh;
			shellScript = "diff \"${PODS_PODFILE_DIR_PATH}/Podfile.lock\" \"${PODS_ROOT}/Manifest.lock\" > /dev/null\nif [ $? != 0 ] ; then\n    # print error to STDERR\n    echo \"error: The sandbox is not in sync with the Podfile.lock. Run 'pod install' or update your CocoaPods installation.\" >&2\n    exit 1\nfi\n# This output is used by Xcode 'outputs' to avoid re-running this script phase.\necho \"SUCCESS\" > \"${SCRIPT_OUTPUT_FILE_0}\"\n";
			showEnvVarsInLog = 0;
		};
/* End PBXShellScriptBuildPhase section */

/* Begin PBXSourcesBuildPhase section */
		5C7E40F120B3445F006DF2E4 /* Sources */ = {
			isa = PBXSourcesBuildPhase;
			buildActionMask = 2147483647;
			files = (
				5C61012520F1676200609EE1 /* TouchableView.swift in Sources */,
				5C39991B20BA2F4200B03CCE /* ChannelsViewController.swift in Sources */,
				5C61012720F167BC00609EE1 /* TouchSpotView.swift in Sources */,
				5C0F0F8A20BB7A5800544B28 /* Remote.swift in Sources */,
				5C39992320BA433A00B03CCE /* CUImageView.swift in Sources */,
				5C7E40FB20B3445F006DF2E4 /* RemoteViewController.swift in Sources */,
				5C39991D20BA427200B03CCE /* CUButton.swift in Sources */,
				5C39991920BA2C5400B03CCE /* Channel.swift in Sources */,
				5C8E937420F16B5C006365E6 /* UIDevice+Extension.swift in Sources */,
				5C39991F20BA42BE00B03CCE /* TVViewController.swift in Sources */,
				5C7E40F920B3445F006DF2E4 /* AppDelegate.swift in Sources */,
				5C46BB3D20F1393A00C927B9 /* UXButton.swift in Sources */,
				5C46BB3920F0E0F700C927B9 /* CULabel.swift in Sources */,
				5C39992120BA42C100B03CCE /* SettingsViewController.swift in Sources */,
				5C46BB3B20F0EFD700C927B9 /* UXView.swift in Sources */,
				5C0F0F8C20BB886200544B28 /* ChannelTableCell.swift in Sources */,
				5CBE61B220B3646B0057ED02 /* Functions.swift in Sources */,
			);
			runOnlyForDeploymentPostprocessing = 0;
		};
/* End PBXSourcesBuildPhase section */

/* Begin PBXVariantGroup section */
		5C7E40FC20B3445F006DF2E4 /* Main.storyboard */ = {
			isa = PBXVariantGroup;
			children = (
				5C7E40FD20B3445F006DF2E4 /* Base */,
			);
			name = Main.storyboard;
			sourceTree = "<group>";
		};
		5C7E410120B34460006DF2E4 /* LaunchScreen.storyboard */ = {
			isa = PBXVariantGroup;
			children = (
				5C7E410220B34460006DF2E4 /* Base */,
			);
			name = LaunchScreen.storyboard;
			sourceTree = "<group>";
		};
/* End PBXVariantGroup section */

/* Begin XCBuildConfiguration section */
		5C7E410520B34460006DF2E4 /* Debug */ = {
			isa = XCBuildConfiguration;
			buildSettings = {
				ALWAYS_SEARCH_USER_PATHS = NO;
				CLANG_ANALYZER_NONNULL = YES;
				CLANG_ANALYZER_NUMBER_OBJECT_CONVERSION = YES_AGGRESSIVE;
				CLANG_CXX_LANGUAGE_STANDARD = "gnu++14";
				CLANG_CXX_LIBRARY = "libc++";
				CLANG_ENABLE_MODULES = YES;
				CLANG_ENABLE_OBJC_ARC = YES;
				CLANG_ENABLE_OBJC_WEAK = YES;
				CLANG_WARN_BLOCK_CAPTURE_AUTORELEASING = YES;
				CLANG_WARN_BOOL_CONVERSION = YES;
				CLANG_WARN_COMMA = YES;
				CLANG_WARN_CONSTANT_CONVERSION = YES;
				CLANG_WARN_DEPRECATED_OBJC_IMPLEMENTATIONS = YES;
				CLANG_WARN_DIRECT_OBJC_ISA_USAGE = YES_ERROR;
				CLANG_WARN_DOCUMENTATION_COMMENTS = YES;
				CLANG_WARN_EMPTY_BODY = YES;
				CLANG_WARN_ENUM_CONVERSION = YES;
				CLANG_WARN_INFINITE_RECURSION = YES;
				CLANG_WARN_INT_CONVERSION = YES;
				CLANG_WARN_NON_LITERAL_NULL_CONVERSION = YES;
				CLANG_WARN_OBJC_IMPLICIT_RETAIN_SELF = YES;
				CLANG_WARN_OBJC_LITERAL_CONVERSION = YES;
				CLANG_WARN_OBJC_ROOT_CLASS = YES_ERROR;
				CLANG_WARN_RANGE_LOOP_ANALYSIS = YES;
				CLANG_WARN_STRICT_PROTOTYPES = YES;
				CLANG_WARN_SUSPICIOUS_MOVE = YES;
				CLANG_WARN_UNGUARDED_AVAILABILITY = YES_AGGRESSIVE;
				CLANG_WARN_UNREACHABLE_CODE = YES;
				CLANG_WARN__DUPLICATE_METHOD_MATCH = YES;
				CODE_SIGN_IDENTITY = "iPhone Developer";
				COPY_PHASE_STRIP = NO;
				DEBUG_INFORMATION_FORMAT = dwarf;
				ENABLE_STRICT_OBJC_MSGSEND = YES;
				ENABLE_TESTABILITY = YES;
				GCC_C_LANGUAGE_STANDARD = gnu11;
				GCC_DYNAMIC_NO_PIC = NO;
				GCC_NO_COMMON_BLOCKS = YES;
				GCC_OPTIMIZATION_LEVEL = 0;
				GCC_PREPROCESSOR_DEFINITIONS = (
					"DEBUG=1",
					"$(inherited)",
				);
				GCC_WARN_64_TO_32_BIT_CONVERSION = YES;
				GCC_WARN_ABOUT_RETURN_TYPE = YES_ERROR;
				GCC_WARN_UNDECLARED_SELECTOR = YES;
				GCC_WARN_UNINITIALIZED_AUTOS = YES_AGGRESSIVE;
				GCC_WARN_UNUSED_FUNCTION = YES;
				GCC_WARN_UNUSED_VARIABLE = YES;
				IPHONEOS_DEPLOYMENT_TARGET = 11.3;
				MTL_ENABLE_DEBUG_INFO = YES;
				ONLY_ACTIVE_ARCH = YES;
				SDKROOT = iphoneos;
				SWIFT_ACTIVE_COMPILATION_CONDITIONS = DEBUG;
				SWIFT_OPTIMIZATION_LEVEL = "-Onone";
			};
			name = Debug;
		};
		5C7E410620B34460006DF2E4 /* Release */ = {
			isa = XCBuildConfiguration;
			buildSettings = {
				ALWAYS_SEARCH_USER_PATHS = NO;
				CLANG_ANALYZER_NONNULL = YES;
				CLANG_ANALYZER_NUMBER_OBJECT_CONVERSION = YES_AGGRESSIVE;
				CLANG_CXX_LANGUAGE_STANDARD = "gnu++14";
				CLANG_CXX_LIBRARY = "libc++";
				CLANG_ENABLE_MODULES = YES;
				CLANG_ENABLE_OBJC_ARC = YES;
				CLANG_ENABLE_OBJC_WEAK = YES;
				CLANG_WARN_BLOCK_CAPTURE_AUTORELEASING = YES;
				CLANG_WARN_BOOL_CONVERSION = YES;
				CLANG_WARN_COMMA = YES;
				CLANG_WARN_CONSTANT_CONVERSION = YES;
				CLANG_WARN_DEPRECATED_OBJC_IMPLEMENTATIONS = YES;
				CLANG_WARN_DIRECT_OBJC_ISA_USAGE = YES_ERROR;
				CLANG_WARN_DOCUMENTATION_COMMENTS = YES;
				CLANG_WARN_EMPTY_BODY = YES;
				CLANG_WARN_ENUM_CONVERSION = YES;
				CLANG_WARN_INFINITE_RECURSION = YES;
				CLANG_WARN_INT_CONVERSION = YES;
				CLANG_WARN_NON_LITERAL_NULL_CONVERSION = YES;
				CLANG_WARN_OBJC_IMPLICIT_RETAIN_SELF = YES;
				CLANG_WARN_OBJC_LITERAL_CONVERSION = YES;
				CLANG_WARN_OBJC_ROOT_CLASS = YES_ERROR;
				CLANG_WARN_RANGE_LOOP_ANALYSIS = YES;
				CLANG_WARN_STRICT_PROTOTYPES = YES;
				CLANG_WARN_SUSPICIOUS_MOVE = YES;
				CLANG_WARN_UNGUARDED_AVAILABILITY = YES_AGGRESSIVE;
				CLANG_WARN_UNREACHABLE_CODE = YES;
				CLANG_WARN__DUPLICATE_METHOD_MATCH = YES;
				CODE_SIGN_IDENTITY = "iPhone Developer";
				COPY_PHASE_STRIP = NO;
				DEBUG_INFORMATION_FORMAT = "dwarf-with-dsym";
				ENABLE_NS_ASSERTIONS = NO;
				ENABLE_STRICT_OBJC_MSGSEND = YES;
				GCC_C_LANGUAGE_STANDARD = gnu11;
				GCC_NO_COMMON_BLOCKS = YES;
				GCC_WARN_64_TO_32_BIT_CONVERSION = YES;
				GCC_WARN_ABOUT_RETURN_TYPE = YES_ERROR;
				GCC_WARN_UNDECLARED_SELECTOR = YES;
				GCC_WARN_UNINITIALIZED_AUTOS = YES_AGGRESSIVE;
				GCC_WARN_UNUSED_FUNCTION = YES;
				GCC_WARN_UNUSED_VARIABLE = YES;
				IPHONEOS_DEPLOYMENT_TARGET = 11.3;
				MTL_ENABLE_DEBUG_INFO = NO;
				SDKROOT = iphoneos;
				SWIFT_COMPILATION_MODE = wholemodule;
				SWIFT_OPTIMIZATION_LEVEL = "-O";
				VALIDATE_PRODUCT = YES;
			};
			name = Release;
		};
		5C7E410820B34460006DF2E4 /* Debug */ = {
			isa = XCBuildConfiguration;
			baseConfigurationReference = 505B73A7051121088F34184F /* Pods-TV Remote.debug.xcconfig */;
			buildSettings = {
				ASSETCATALOG_COMPILER_APPICON_NAME = AppIcon;
				CODE_SIGN_ENTITLEMENTS = "TV Remote/TV Remote.entitlements";
				CODE_SIGN_STYLE = Automatic;
				DEVELOPMENT_TEAM = GCRJ652248;
				INFOPLIST_FILE = "TV Remote/Info.plist";
				LD_RUNPATH_SEARCH_PATHS = (
					"$(inherited)",
					"@executable_path/Frameworks",
				);
				PRODUCT_BUNDLE_IDENTIFIER = "no.digitalmood.TV-Remote.iOS";
				PRODUCT_NAME = "$(TARGET_NAME)";
				SWIFT_VERSION = 4.0;
				TARGETED_DEVICE_FAMILY = "1,2";
			};
			name = Debug;
		};
		5C7E410920B34460006DF2E4 /* Release */ = {
			isa = XCBuildConfiguration;
			baseConfigurationReference = 099E6CD31BED8054955289B2 /* Pods-TV Remote.release.xcconfig */;
			buildSettings = {
				ASSETCATALOG_COMPILER_APPICON_NAME = AppIcon;
				CODE_SIGN_ENTITLEMENTS = "TV Remote/TV Remote.entitlements";
				CODE_SIGN_STYLE = Automatic;
				DEVELOPMENT_TEAM = GCRJ652248;
				INFOPLIST_FILE = "TV Remote/Info.plist";
				LD_RUNPATH_SEARCH_PATHS = (
					"$(inherited)",
					"@executable_path/Frameworks",
				);
				PRODUCT_BUNDLE_IDENTIFIER = "no.digitalmood.TV-Remote.iOS";
				PRODUCT_NAME = "$(TARGET_NAME)";
				SWIFT_VERSION = 4.0;
				TARGETED_DEVICE_FAMILY = "1,2";
			};
			name = Release;
		};
/* End XCBuildConfiguration section */

/* Begin XCConfigurationList section */
		5C7E40F020B3445F006DF2E4 /* Build configuration list for PBXProject "TV Remote" */ = {
			isa = XCConfigurationList;
			buildConfigurations = (
				5C7E410520B34460006DF2E4 /* Debug */,
				5C7E410620B34460006DF2E4 /* Release */,
			);
			defaultConfigurationIsVisible = 0;
			defaultConfigurationName = Release;
		};
		5C7E410720B34460006DF2E4 /* Build configuration list for PBXNativeTarget "TV Remote" */ = {
			isa = XCConfigurationList;
			buildConfigurations = (
				5C7E410820B34460006DF2E4 /* Debug */,
				5C7E410920B34460006DF2E4 /* Release */,
			);
			defaultConfigurationIsVisible = 0;
			defaultConfigurationName = Release;
		};
/* End XCConfigurationList section */
	};
	rootObject = 5C7E40ED20B3445F006DF2E4 /* Project object */;
}
